{
  "name": "miniprogram-ts-less-quickstart",
  "version": "1.0.0",
  "lockfileVersion": 2,
  "requires": true,
  "packages": {
    "": {
      "name": "miniprogram-ts-less-quickstart",
      "version": "1.0.0",
      "dependencies": {
        "wux-weapp": "^3.8.9"
      },
      "devDependencies": {
        "miniprogram-api-typings": "^2.8.3-1"
      }
    },
    "node_modules/miniprogram-api-typings": {
      "version": "2.12.0",
      "resolved": "https://registry.npmjs.org/miniprogram-api-typings/-/miniprogram-api-typings-2.12.0.tgz",
      "integrity": "sha512-ibvbqeslVFur0IAvTxLMvsbtvVcMo6gwvOnj0YZHV7aeDLu091VQRrETT2QuiG9P6aZWRcxeNGJChRKVPCp9VQ==",
      "dev": true
    },
    "node_modules/wux-weapp": {
      "version": "3.8.9",
      "resolved": "https://registry.npmjs.org/wux-weapp/-/wux-weapp-3.8.9.tgz",
      "integrity": "sha512-uPGULzEePHVebSR98zVKgh/s3zjANN9nhrKuWK8vaWVcN+qqxJKleZN5BUKZrqWNKfnZzeppNk40AmQ3c2cNZA=="
    }
  },
  "dependencies": {
    "miniprogram-api-typings": {
      "version": "2.12.0",
      "resolved": "https://registry.npmjs.org/miniprogram-api-typings/-/miniprogram-api-typings-2.12.0.tgz",
      "integrity": "sha512-ibvbqeslVFur0IAvTxLMvsbtvVcMo6gwvOnj0YZHV7aeDLu091VQRrETT2QuiG9P6aZWRcxeNGJChRKVPCp9VQ==",
      "dev": true
    },
    "wux-weapp": {
      "version": "3.8.9",
      "resolved": "https://registry.npmjs.org/wux-weapp/-/wux-weapp-3.8.9.tgz",
      "integrity": "sha512-uPGULzEePHVebSR98zVKgh/s3zjANN9nhrKuWK8vaWVcN+qqxJKleZN5BUKZrqWNKfnZzeppNk40AmQ3c2cNZA=="
    }
  }
}
